
Microsoft Visual Studio Solution File, Format Version 12.00
# Visual Studio Version 16
VisualStudioVersion = 16.0.29509.3
MinimumVisualStudioVersion = 10.0.40219.1
Project("{FAE04EC0-301F-11D3-BF4B-00C04F79EFBC}") = "M03", "M03\M03.csproj", "{9A83D63F-E50A-44A6-97AE-4DB6E43E6BDF}"
EndProject
Project("{FAE04EC0-301F-11D3-BF4B-00C04F79EFBC}") = "UnitTestM03", "UnitTestM03\UnitTestM03.csproj", "{A10D7147-0166-4192-8676-798773F011E7}"
EndProject
Global
	GlobalSection(SolutionConfigurationPlatforms) = preSolution
		Debug|Any CPU = Debug|Any CPU
		Release|Any CPU = Release|Any CPU
	EndGlobalSection
	GlobalSection(ProjectConfigurationPlatforms) = postSolution
		{9A83D63F-E50A-44A6-97AE-4DB6E43E6BDF}.Debug|Any CPU.ActiveCfg = Debug|Any CPU
		{9A83D63F-E50A-44A6-97AE-4DB6E43E6BDF}.Debug|Any CPU.Build.0 = Debug|Any CPU
		{9A83D63F-E50A-44A6-97AE-4DB6E43E6BDF}.Release|Any CPU.ActiveCfg = Release|Any CPU
		{9A83D63F-E50A-44A6-97AE-4DB6E43E6BDF}.Release|Any CPU.Build.0 = Release|Any CPU
		{A10D7147-0166-4192-8676-798773F011E7}.Debug|Any CPU.ActiveCfg = Debug|Any CPU
		{A10D7147-0166-4192-8676-798773F011E7}.Debug|Any CPU.Build.0 = Debug|Any CPU
		{A10D7147-0166-4192-8676-798773F011E7}.Release|Any CPU.ActiveCfg = Release|Any CPU
		{A10D7147-0166-4192-8676-798773F011E7}.Release|Any CPU.Build.0 = Release|Any CPU
	EndGlobalSection
	GlobalSection(SolutionProperties) = preSolution
		HideSolutionNode = FALSE
	EndGlobalSection
	GlobalSection(ExtensibilityGlobals) = postSolution
		SolutionGuid = {43AD2DDC-9B1A-48A5-A649-C4D328BF950C}
	EndGlobalSection
EndGlobal
