
Microsoft Visual Studio Solution File, Format Version 12.00
# Visual Studio Version 16
VisualStudioVersion = 16.0.29613.14
MinimumVisualStudioVersion = 10.0.40219.1
Project("{9A19103F-16F7-4668-BE54-9A1E7A4F7556}") = "M09", "M09\M09.csproj", "{839A2BF1-F571-486C-8856-58A786B860CE}"
EndProject
Project("{FAE04EC0-301F-11D3-BF4B-00C04F79EFBC}") = "UnitTestM09", "UnitTestM09\UnitTestM09.csproj", "{FA915E7C-1CF3-40BA-A5B6-98CF7DB94ABE}"
EndProject
Global
	GlobalSection(SolutionConfigurationPlatforms) = preSolution
		Debug|Any CPU = Debug|Any CPU
		Release|Any CPU = Release|Any CPU
	EndGlobalSection
	GlobalSection(ProjectConfigurationPlatforms) = postSolution
		{839A2BF1-F571-486C-8856-58A786B860CE}.Debug|Any CPU.ActiveCfg = Debug|Any CPU
		{839A2BF1-F571-486C-8856-58A786B860CE}.Debug|Any CPU.Build.0 = Debug|Any CPU
		{839A2BF1-F571-486C-8856-58A786B860CE}.Release|Any CPU.ActiveCfg = Release|Any CPU
		{839A2BF1-F571-486C-8856-58A786B860CE}.Release|Any CPU.Build.0 = Release|Any CPU
		{FA915E7C-1CF3-40BA-A5B6-98CF7DB94ABE}.Debug|Any CPU.ActiveCfg = Debug|Any CPU
		{FA915E7C-1CF3-40BA-A5B6-98CF7DB94ABE}.Debug|Any CPU.Build.0 = Debug|Any CPU
		{FA915E7C-1CF3-40BA-A5B6-98CF7DB94ABE}.Release|Any CPU.ActiveCfg = Release|Any CPU
		{FA915E7C-1CF3-40BA-A5B6-98CF7DB94ABE}.Release|Any CPU.Build.0 = Release|Any CPU
	EndGlobalSection
	GlobalSection(SolutionProperties) = preSolution
		HideSolutionNode = FALSE
	EndGlobalSection
	GlobalSection(ExtensibilityGlobals) = postSolution
		SolutionGuid = {FE8D9DBC-CA2B-4219-B73F-6E1FB2C18414}
	EndGlobalSection
EndGlobal
